{
  "requires": true,
  "lockfileVersion": 1,
  "dependencies": {
    "@cleandersonlobo/react-mic": {
      "version": "1.2.0",
      "resolved": "https://registry.npmjs.org/@cleandersonlobo/react-mic/-/react-mic-1.2.0.tgz",
      "integrity": "sha512-PH04n7BUUA3w6jjtwgXhy9lWni0eJy6Sn3/v7yPPEZRBdknTkA0WwzUPZtjjmJKDzuTphdZTxo9Bt2SNcxx4GQ=="
    }
  }
}
